<Solution>
  <Folder Name="/FrontEnd/">
    <Project Path="Mango.Web/Mango.Web.csproj" Id="d9cf07e0-12bb-4d6b-a1da-bf495f045e4c" />
  </Folder>
  <Folder Name="/Services/">
    <Project Path="Mango.CouponAPI/Mango.CouponAPI.csproj" Id="604e40d8-0ee4-469c-9bc1-a726f3855782" />
    <Project Path="Mango.Serives.Shared/Mango.Serives.Shared.csproj" Id="ea71aec3-5ade-4a19-aba6-fc1143ae82f8" />
    <Project Path="Mango.Services.AuthAPI/Mango.AuthAPI.csproj" Id="9ec678f3-f7aa-4c91-be52-e959ae55dbca" />
    <Project Path="Mango.Services.ProductAPI/Mango.ProductAPI.csproj" Id="edf34fcc-6d36-425a-9bd8-af7b2aaff6da" />
  </Folder>
</Solution>
