
Microsoft Visual Studio Solution File, Format Version 12.00
# Visual Studio Version 16
VisualStudioVersion = 16.0.31220.234
MinimumVisualStudioVersion = 10.0.40219.1
Project("{2150E333-8FDC-42A3-9474-1A3956D46DE8}") = "FrontEnd", "FrontEnd", "{F85AA4F3-4582-4A4E-B6A0-7404C56E0184}"
EndProject
Project("{9A19103F-16F7-4668-BE54-9A1E7A4F7556}") = "Mango.Web", "Mango.Web\Mango.Web.csproj", "{38DE2513-EE99-4CDD-AF87-27DC35549881}"
EndProject
Project("{2150E333-8FDC-42A3-9474-1A3956D46DE8}") = "Services", "Services", "{64EEE525-39C7-4058-890D-FF9ED0F0D625}"
EndProject
Project("{9A19103F-16F7-4668-BE54-9A1E7A4F7556}") = "Mango.Services.ProductAPI", "Mango.Services.ProductAPI\Mango.Services.ProductAPI.csproj", "{EB826D19-F138-4128-AAA5-A53CD9C2307E}"
EndProject
Project("{9A19103F-16F7-4668-BE54-9A1E7A4F7556}") = "Mango.Services.Identity", "Mango.Services.Identity\Mango.Services.Identity.csproj", "{4E83F283-BEC4-4E4A-BCC9-C849C818D487}"
EndProject
Project("{9A19103F-16F7-4668-BE54-9A1E7A4F7556}") = "Mango.Services.ShoppingCartAPI", "Mango.Services.ShoppingCartAPI\Mango.Services.ShoppingCartAPI.csproj", "{744706A6-0B0F-458F-8EDD-9EA6C7E6A581}"
EndProject
Project("{9A19103F-16F7-4668-BE54-9A1E7A4F7556}") = "Mango.Services.CouponAPI", "Mango.Services.CouponAPI\Mango.Services.CouponAPI.csproj", "{1075BA8E-DAEC-4248-AD41-7A0AA9529832}"
EndProject
Project("{2150E333-8FDC-42A3-9474-1A3956D46DE8}") = "Integration", "Integration", "{08C7BE94-B53F-46B1-B7AA-DBEFB05FA94F}"
EndProject
Project("{9A19103F-16F7-4668-BE54-9A1E7A4F7556}") = "Mango.MessageBus", "Mango.MessageBus\Mango.MessageBus.csproj", "{F7CA616B-519D-40F6-845C-863C3620D12D}"
EndProject
Project("{9A19103F-16F7-4668-BE54-9A1E7A4F7556}") = "Mango.Services.OrderAPI", "Mango.Services.OrderAPI\Mango.Services.OrderAPI.csproj", "{7CE99702-6DEB-4D46-B4AD-171C55BAB0A3}"
EndProject
Project("{2150E333-8FDC-42A3-9474-1A3956D46DE8}") = "Payments", "Payments", "{4AFB492F-BD31-4C29-81CF-82544E9260FA}"
EndProject
Project("{9A19103F-16F7-4668-BE54-9A1E7A4F7556}") = "PaymentProcessor", "PaymentProcessor\PaymentProcessor.csproj", "{5A03F2D5-9D60-48F8-AD9A-15937E12541D}"
EndProject
Project("{9A19103F-16F7-4668-BE54-9A1E7A4F7556}") = "Mango.Services.PaymentAPI", "Mango.Services.PaymentAPI\Mango.Services.PaymentAPI.csproj", "{E599883C-08BE-46C4-8FFE-600ACBF5A3E7}"
EndProject
Project("{9A19103F-16F7-4668-BE54-9A1E7A4F7556}") = "Mango.Services.Email", "Mango.Services.Email\Mango.Services.Email.csproj", "{12BA97DA-2F7A-4B65-ADD9-0A20F8971597}"
EndProject
Project("{2150E333-8FDC-42A3-9474-1A3956D46DE8}") = "Gateway", "Gateway", "{B7518BCF-AF61-4FE6-9FF7-62CEB6412BF0}"
EndProject
Project("{FAE04EC0-301F-11D3-BF4B-00C04F79EFBC}") = "Mango.GatewaySolution", "Mango.GatewaySolution\Mango.GatewaySolution.csproj", "{9B1FB1E3-8E26-4256-B47E-4306F737D79D}"
EndProject
Global
	GlobalSection(SolutionConfigurationPlatforms) = preSolution
		Debug|Any CPU = Debug|Any CPU
		Release|Any CPU = Release|Any CPU
	EndGlobalSection
	GlobalSection(ProjectConfigurationPlatforms) = postSolution
		{38DE2513-EE99-4CDD-AF87-27DC35549881}.Debug|Any CPU.ActiveCfg = Debug|Any CPU
		{38DE2513-EE99-4CDD-AF87-27DC35549881}.Debug|Any CPU.Build.0 = Debug|Any CPU
		{38DE2513-EE99-4CDD-AF87-27DC35549881}.Release|Any CPU.ActiveCfg = Release|Any CPU
		{38DE2513-EE99-4CDD-AF87-27DC35549881}.Release|Any CPU.Build.0 = Release|Any CPU
		{EB826D19-F138-4128-AAA5-A53CD9C2307E}.Debug|Any CPU.ActiveCfg = Debug|Any CPU
		{EB826D19-F138-4128-AAA5-A53CD9C2307E}.Debug|Any CPU.Build.0 = Debug|Any CPU
		{EB826D19-F138-4128-AAA5-A53CD9C2307E}.Release|Any CPU.ActiveCfg = Release|Any CPU
		{EB826D19-F138-4128-AAA5-A53CD9C2307E}.Release|Any CPU.Build.0 = Release|Any CPU
		{4E83F283-BEC4-4E4A-BCC9-C849C818D487}.Debug|Any CPU.ActiveCfg = Debug|Any CPU
		{4E83F283-BEC4-4E4A-BCC9-C849C818D487}.Debug|Any CPU.Build.0 = Debug|Any CPU
		{4E83F283-BEC4-4E4A-BCC9-C849C818D487}.Release|Any CPU.ActiveCfg = Release|Any CPU
		{4E83F283-BEC4-4E4A-BCC9-C849C818D487}.Release|Any CPU.Build.0 = Release|Any CPU
		{744706A6-0B0F-458F-8EDD-9EA6C7E6A581}.Debug|Any CPU.ActiveCfg = Debug|Any CPU
		{744706A6-0B0F-458F-8EDD-9EA6C7E6A581}.Debug|Any CPU.Build.0 = Debug|Any CPU
		{744706A6-0B0F-458F-8EDD-9EA6C7E6A581}.Release|Any CPU.ActiveCfg = Release|Any CPU
		{744706A6-0B0F-458F-8EDD-9EA6C7E6A581}.Release|Any CPU.Build.0 = Release|Any CPU
		{1075BA8E-DAEC-4248-AD41-7A0AA9529832}.Debug|Any CPU.ActiveCfg = Debug|Any CPU
		{1075BA8E-DAEC-4248-AD41-7A0AA9529832}.Debug|Any CPU.Build.0 = Debug|Any CPU
		{1075BA8E-DAEC-4248-AD41-7A0AA9529832}.Release|Any CPU.ActiveCfg = Release|Any CPU
		{1075BA8E-DAEC-4248-AD41-7A0AA9529832}.Release|Any CPU.Build.0 = Release|Any CPU
		{F7CA616B-519D-40F6-845C-863C3620D12D}.Debug|Any CPU.ActiveCfg = Debug|Any CPU
		{F7CA616B-519D-40F6-845C-863C3620D12D}.Debug|Any CPU.Build.0 = Debug|Any CPU
		{F7CA616B-519D-40F6-845C-863C3620D12D}.Release|Any CPU.ActiveCfg = Release|Any CPU
		{F7CA616B-519D-40F6-845C-863C3620D12D}.Release|Any CPU.Build.0 = Release|Any CPU
		{7CE99702-6DEB-4D46-B4AD-171C55BAB0A3}.Debug|Any CPU.ActiveCfg = Debug|Any CPU
		{7CE99702-6DEB-4D46-B4AD-171C55BAB0A3}.Debug|Any CPU.Build.0 = Debug|Any CPU
		{7CE99702-6DEB-4D46-B4AD-171C55BAB0A3}.Release|Any CPU.ActiveCfg = Release|Any CPU
		{7CE99702-6DEB-4D46-B4AD-171C55BAB0A3}.Release|Any CPU.Build.0 = Release|Any CPU
		{5A03F2D5-9D60-48F8-AD9A-15937E12541D}.Debug|Any CPU.ActiveCfg = Debug|Any CPU
		{5A03F2D5-9D60-48F8-AD9A-15937E12541D}.Debug|Any CPU.Build.0 = Debug|Any CPU
		{5A03F2D5-9D60-48F8-AD9A-15937E12541D}.Release|Any CPU.ActiveCfg = Release|Any CPU
		{5A03F2D5-9D60-48F8-AD9A-15937E12541D}.Release|Any CPU.Build.0 = Release|Any CPU
		{E599883C-08BE-46C4-8FFE-600ACBF5A3E7}.Debug|Any CPU.ActiveCfg = Debug|Any CPU
		{E599883C-08BE-46C4-8FFE-600ACBF5A3E7}.Debug|Any CPU.Build.0 = Debug|Any CPU
		{E599883C-08BE-46C4-8FFE-600ACBF5A3E7}.Release|Any CPU.ActiveCfg = Release|Any CPU
		{E599883C-08BE-46C4-8FFE-600ACBF5A3E7}.Release|Any CPU.Build.0 = Release|Any CPU
		{12BA97DA-2F7A-4B65-ADD9-0A20F8971597}.Debug|Any CPU.ActiveCfg = Debug|Any CPU
		{12BA97DA-2F7A-4B65-ADD9-0A20F8971597}.Debug|Any CPU.Build.0 = Debug|Any CPU
		{12BA97DA-2F7A-4B65-ADD9-0A20F8971597}.Release|Any CPU.ActiveCfg = Release|Any CPU
		{12BA97DA-2F7A-4B65-ADD9-0A20F8971597}.Release|Any CPU.Build.0 = Release|Any CPU
		{9B1FB1E3-8E26-4256-B47E-4306F737D79D}.Debug|Any CPU.ActiveCfg = Debug|Any CPU
		{9B1FB1E3-8E26-4256-B47E-4306F737D79D}.Debug|Any CPU.Build.0 = Debug|Any CPU
		{9B1FB1E3-8E26-4256-B47E-4306F737D79D}.Release|Any CPU.ActiveCfg = Release|Any CPU
		{9B1FB1E3-8E26-4256-B47E-4306F737D79D}.Release|Any CPU.Build.0 = Release|Any CPU
	EndGlobalSection
	GlobalSection(SolutionProperties) = preSolution
		HideSolutionNode = FALSE
	EndGlobalSection
	GlobalSection(NestedProjects) = preSolution
		{38DE2513-EE99-4CDD-AF87-27DC35549881} = {F85AA4F3-4582-4A4E-B6A0-7404C56E0184}
		{EB826D19-F138-4128-AAA5-A53CD9C2307E} = {64EEE525-39C7-4058-890D-FF9ED0F0D625}
		{4E83F283-BEC4-4E4A-BCC9-C849C818D487} = {64EEE525-39C7-4058-890D-FF9ED0F0D625}
		{744706A6-0B0F-458F-8EDD-9EA6C7E6A581} = {64EEE525-39C7-4058-890D-FF9ED0F0D625}
		{1075BA8E-DAEC-4248-AD41-7A0AA9529832} = {64EEE525-39C7-4058-890D-FF9ED0F0D625}
		{F7CA616B-519D-40F6-845C-863C3620D12D} = {08C7BE94-B53F-46B1-B7AA-DBEFB05FA94F}
		{7CE99702-6DEB-4D46-B4AD-171C55BAB0A3} = {64EEE525-39C7-4058-890D-FF9ED0F0D625}
		{5A03F2D5-9D60-48F8-AD9A-15937E12541D} = {4AFB492F-BD31-4C29-81CF-82544E9260FA}
		{E599883C-08BE-46C4-8FFE-600ACBF5A3E7} = {64EEE525-39C7-4058-890D-FF9ED0F0D625}
		{12BA97DA-2F7A-4B65-ADD9-0A20F8971597} = {64EEE525-39C7-4058-890D-FF9ED0F0D625}
		{9B1FB1E3-8E26-4256-B47E-4306F737D79D} = {B7518BCF-AF61-4FE6-9FF7-62CEB6412BF0}
	EndGlobalSection
	GlobalSection(ExtensibilityGlobals) = postSolution
		SolutionGuid = {BD4FD027-9FDA-4EE7-8398-EB57B1303E35}
	EndGlobalSection
EndGlobal
