
Microsoft Visual Studio Solution File, Format Version 12.00
# Visual Studio Version 16
VisualStudioVersion = 16.0.31220.234
MinimumVisualStudioVersion = 10.0.40219.1
Project("{2150E333-8FDC-42A3-9474-1A3956D46DE8}") = "FrontEnd", "FrontEnd", "{F85AA4F3-4582-4A4E-B6A0-7404C56E0184}"
EndProject
Project("{9A19103F-16F7-4668-BE54-9A1E7A4F7556}") = "Mango.Web", "Mango.Web\Mango.Web.csproj", "{38DE2513-EE99-4CDD-AF87-27DC35549881}"
EndProject
Project("{2150E333-8FDC-42A3-9474-1A3956D46DE8}") = "Services", "Services", "{64EEE525-39C7-4058-890D-FF9ED0F0D625}"
EndProject
Project("{9A19103F-16F7-4668-BE54-9A1E7A4F7556}") = "Mango.Services.ProductAPI", "Mango.Services.ProductAPI\Mango.Services.ProductAPI.csproj", "{EB826D19-F138-4128-AAA5-A53CD9C2307E}"
EndProject
Project("{9A19103F-16F7-4668-BE54-9A1E7A4F7556}") = "Mango.Services.Identity", "Mango.Services.Identity\Mango.Services.Identity.csproj", "{4E83F283-BEC4-4E4A-BCC9-C849C818D487}"
EndProject
Project("{FAE04EC0-301F-11D3-BF4B-00C04F79EFBC}") = "Mango.Services.ShoppingCartAPI", "Mango.Services.ShoppingCartAPI\Mango.Services.ShoppingCartAPI.csproj", "{744706A6-0B0F-458F-8EDD-9EA6C7E6A581}"
EndProject
Global
	GlobalSection(SolutionConfigurationPlatforms) = preSolution
		Debug|Any CPU = Debug|Any CPU
		Release|Any CPU = Release|Any CPU
	EndGlobalSection
	GlobalSection(ProjectConfigurationPlatforms) = postSolution
		{38DE2513-EE99-4CDD-AF87-27DC35549881}.Debug|Any CPU.ActiveCfg = Debug|Any CPU
		{38DE2513-EE99-4CDD-AF87-27DC35549881}.Debug|Any CPU.Build.0 = Debug|Any CPU
		{38DE2513-EE99-4CDD-AF87-27DC35549881}.Release|Any CPU.ActiveCfg = Release|Any CPU
		{38DE2513-EE99-4CDD-AF87-27DC35549881}.Release|Any CPU.Build.0 = Release|Any CPU
		{EB826D19-F138-4128-AAA5-A53CD9C2307E}.Debug|Any CPU.ActiveCfg = Debug|Any CPU
		{EB826D19-F138-4128-AAA5-A53CD9C2307E}.Debug|Any CPU.Build.0 = Debug|Any CPU
		{EB826D19-F138-4128-AAA5-A53CD9C2307E}.Release|Any CPU.ActiveCfg = Release|Any CPU
		{EB826D19-F138-4128-AAA5-A53CD9C2307E}.Release|Any CPU.Build.0 = Release|Any CPU
		{4E83F283-BEC4-4E4A-BCC9-C849C818D487}.Debug|Any CPU.ActiveCfg = Debug|Any CPU
		{4E83F283-BEC4-4E4A-BCC9-C849C818D487}.Debug|Any CPU.Build.0 = Debug|Any CPU
		{4E83F283-BEC4-4E4A-BCC9-C849C818D487}.Release|Any CPU.ActiveCfg = Release|Any CPU
		{4E83F283-BEC4-4E4A-BCC9-C849C818D487}.Release|Any CPU.Build.0 = Release|Any CPU
		{744706A6-0B0F-458F-8EDD-9EA6C7E6A581}.Debug|Any CPU.ActiveCfg = Debug|Any CPU
		{744706A6-0B0F-458F-8EDD-9EA6C7E6A581}.Debug|Any CPU.Build.0 = Debug|Any CPU
		{744706A6-0B0F-458F-8EDD-9EA6C7E6A581}.Release|Any CPU.ActiveCfg = Release|Any CPU
		{744706A6-0B0F-458F-8EDD-9EA6C7E6A581}.Release|Any CPU.Build.0 = Release|Any CPU
	EndGlobalSection
	GlobalSection(SolutionProperties) = preSolution
		HideSolutionNode = FALSE
	EndGlobalSection
	GlobalSection(NestedProjects) = preSolution
		{38DE2513-EE99-4CDD-AF87-27DC35549881} = {F85AA4F3-4582-4A4E-B6A0-7404C56E0184}
		{EB826D19-F138-4128-AAA5-A53CD9C2307E} = {64EEE525-39C7-4058-890D-FF9ED0F0D625}
		{4E83F283-BEC4-4E4A-BCC9-C849C818D487} = {64EEE525-39C7-4058-890D-FF9ED0F0D625}
		{744706A6-0B0F-458F-8EDD-9EA6C7E6A581} = {64EEE525-39C7-4058-890D-FF9ED0F0D625}
	EndGlobalSection
	GlobalSection(ExtensibilityGlobals) = postSolution
		SolutionGuid = {BD4FD027-9FDA-4EE7-8398-EB57B1303E35}
	EndGlobalSection
EndGlobal
